
Microsoft Visual Studio Solution File, Format Version 12.00
# Visual Studio Version 16
VisualStudioVersion = 16.0.30517.126
MinimumVisualStudioVersion = 10.0.40219.1
Project("{8BC9CEB8-8B4A-11D0-8D11-00A0C91BC942}") = "UDP Client", "Sockets.vcxproj", "{AA5C35ED-B424-46A2-9D8C-B3448AA39060}"
EndProject
Project("{8BC9CEB8-8B4A-11D0-8D11-00A0C91BC942}") = "UDP Server", "..\UDP Server\UDP Server.vcxproj", "{BCE61232-3FB2-4389-8FF2-009EBF17FBE4}"
EndProject
Global
	GlobalSection(SolutionConfigurationPlatforms) = preSolution
		Debug|x64 = Debug|x64
		Debug|x86 = Debug|x86
		Release|x64 = Release|x64
		Release|x86 = Release|x86
	EndGlobalSection
	GlobalSection(ProjectConfigurationPlatforms) = postSolution
		{AA5C35ED-B424-46A2-9D8C-B3448AA39060}.Debug|x64.ActiveCfg = Debug|x64
		{AA5C35ED-B424-46A2-9D8C-B3448AA39060}.Debug|x64.Build.0 = Debug|x64
		{AA5C35ED-B424-46A2-9D8C-B3448AA39060}.Debug|x86.ActiveCfg = Debug|Win32
		{AA5C35ED-B424-46A2-9D8C-B3448AA39060}.Debug|x86.Build.0 = Debug|Win32
		{AA5C35ED-B424-46A2-9D8C-B3448AA39060}.Release|x64.ActiveCfg = Release|x64
		{AA5C35ED-B424-46A2-9D8C-B3448AA39060}.Release|x64.Build.0 = Release|x64
		{AA5C35ED-B424-46A2-9D8C-B3448AA39060}.Release|x86.ActiveCfg = Release|Win32
		{AA5C35ED-B424-46A2-9D8C-B3448AA39060}.Release|x86.Build.0 = Release|Win32
		{BCE61232-3FB2-4389-8FF2-009EBF17FBE4}.Debug|x64.ActiveCfg = Debug|x64
		{BCE61232-3FB2-4389-8FF2-009EBF17FBE4}.Debug|x64.Build.0 = Debug|x64
		{BCE61232-3FB2-4389-8FF2-009EBF17FBE4}.Debug|x86.ActiveCfg = Debug|Win32
		{BCE61232-3FB2-4389-8FF2-009EBF17FBE4}.Debug|x86.Build.0 = Debug|Win32
		{BCE61232-3FB2-4389-8FF2-009EBF17FBE4}.Release|x64.ActiveCfg = Release|x64
		{BCE61232-3FB2-4389-8FF2-009EBF17FBE4}.Release|x64.Build.0 = Release|x64
		{BCE61232-3FB2-4389-8FF2-009EBF17FBE4}.Release|x86.ActiveCfg = Release|Win32
		{BCE61232-3FB2-4389-8FF2-009EBF17FBE4}.Release|x86.Build.0 = Release|Win32
	EndGlobalSection
	GlobalSection(SolutionProperties) = preSolution
		HideSolutionNode = FALSE
	EndGlobalSection
	GlobalSection(ExtensibilityGlobals) = postSolution
		SolutionGuid = {1D4C17A6-7443-4AC5-A987-ABF476F27505}
	EndGlobalSection
EndGlobal
