
Microsoft Visual Studio Solution File, Format Version 12.00
# Visual Studio Version 16
VisualStudioVersion = 16.0.30517.126
MinimumVisualStudioVersion = 10.0.40219.1
Project("{8BC9CEB8-8B4A-11D0-8D11-00A0C91BC942}") = "UDPClient", "Sockets.vcxproj", "{F0F18323-8F64-474E-8A53-7CB6AF55A1D9}"
EndProject
Project("{8BC9CEB8-8B4A-11D0-8D11-00A0C91BC942}") = "UDPServer", "..\UDPServer\UDPServer.vcxproj", "{182A06C9-8379-4CE9-B026-288E6556C28E}"
EndProject
Global
	GlobalSection(SolutionConfigurationPlatforms) = preSolution
		Debug|x64 = Debug|x64
		Debug|x86 = Debug|x86
		Release|x64 = Release|x64
		Release|x86 = Release|x86
	EndGlobalSection
	GlobalSection(ProjectConfigurationPlatforms) = postSolution
		{F0F18323-8F64-474E-8A53-7CB6AF55A1D9}.Debug|x64.ActiveCfg = Debug|x64
		{F0F18323-8F64-474E-8A53-7CB6AF55A1D9}.Debug|x64.Build.0 = Debug|x64
		{F0F18323-8F64-474E-8A53-7CB6AF55A1D9}.Debug|x86.ActiveCfg = Debug|Win32
		{F0F18323-8F64-474E-8A53-7CB6AF55A1D9}.Debug|x86.Build.0 = Debug|Win32
		{F0F18323-8F64-474E-8A53-7CB6AF55A1D9}.Release|x64.ActiveCfg = Release|x64
		{F0F18323-8F64-474E-8A53-7CB6AF55A1D9}.Release|x64.Build.0 = Release|x64
		{F0F18323-8F64-474E-8A53-7CB6AF55A1D9}.Release|x86.ActiveCfg = Release|Win32
		{F0F18323-8F64-474E-8A53-7CB6AF55A1D9}.Release|x86.Build.0 = Release|Win32
		{182A06C9-8379-4CE9-B026-288E6556C28E}.Debug|x64.ActiveCfg = Debug|x64
		{182A06C9-8379-4CE9-B026-288E6556C28E}.Debug|x64.Build.0 = Debug|x64
		{182A06C9-8379-4CE9-B026-288E6556C28E}.Debug|x86.ActiveCfg = Debug|Win32
		{182A06C9-8379-4CE9-B026-288E6556C28E}.Debug|x86.Build.0 = Debug|Win32
		{182A06C9-8379-4CE9-B026-288E6556C28E}.Release|x64.ActiveCfg = Release|x64
		{182A06C9-8379-4CE9-B026-288E6556C28E}.Release|x64.Build.0 = Release|x64
		{182A06C9-8379-4CE9-B026-288E6556C28E}.Release|x86.ActiveCfg = Release|Win32
		{182A06C9-8379-4CE9-B026-288E6556C28E}.Release|x86.Build.0 = Release|Win32
	EndGlobalSection
	GlobalSection(SolutionProperties) = preSolution
		HideSolutionNode = FALSE
	EndGlobalSection
	GlobalSection(ExtensibilityGlobals) = postSolution
		SolutionGuid = {D3267C9F-FBEA-458B-9EF4-4894686A8813}
	EndGlobalSection
EndGlobal
